# This file was autogenerated by Stack.
# You should not edit this file by hand.
# For more information, please see the documentation at:
#   https://docs.haskellstack.org/en/stable/topics/lock_files

packages:
- completed:
    hackage: acme-missiles-0.3@sha256:2ba66a092a32593880a87fb00f3213762d7bca65a687d45965778deb8694c5d1,613
    pantry-tree:
      sha256: 614bc0cca76937507ea0a5ccc17a504c997ce458d7f2f9e43b15a10c8eaeb033
      size: 226
  original:
    hackage: acme-missiles-0.3@rev:0
- completed:
    commit: e7cc5d375645be19cccb2c9e4672b6a77c29ca78
    git: https://github.com/well-typed/optics
    name: optics-core
    pantry-tree:
      sha256: 3404cc567d9c269f89ed493538b2926e743cb66d0237ea31017071e344e299c5
      size: 5545
    subdir: optics-core
    version: 0.4.1
  original:
    commit: e7cc5d375645be19cccb2c9e4672b6a77c29ca78
    git: https://github.com/well-typed/optics
    subdir: optics-core
snapshots:
- completed:
    sha256: 098936027eaa1ef14e2b8eb39d9933a973894bb70a68684a1bbf00730249879b
    size: 720001
    url: https://raw.githubusercontent.com/commercialhaskell/stackage-snapshots/master/lts/22/33.yaml
  original: lts-22.33
