{
  "R": {
    "Version": "4.2.1",
    "Repositories": [
      {
        "Name": "CRAN",
        "URL": "https://cloud.r-project.org"
      }
    ]
  },
  "Packages": {
    "jsonlite": {
      "Package": "jsonlite",
      "Version": "1.8.0",
      "OS_type": NA,
      "Repository": "CRAN",
      "Source": "Repository",
      "Hash": "d07e729b27b372429d42d24d503613a0",
      "Requirements": []
    },
    "renv": {
      "Package": "renv",
      "Version": "0.16.0",
      "OS_type": NA,
      "Repository": "CRAN",
      "Source": "Repository",
      "Requirements": []
    }
  }
}
