# This file was autogenerated by Stack 2.1, before `packages` replaced `dependencies`.
dependencies:
- completed:
    hackage: acme-missiles-0.3@sha256:2ba66a092a32593880a87fb00f3213762d7bca65a687d45965778deb8694c5d1,613
    pantry-tree:
      size: 226
      sha256: 614bc0cca76937507ea0a5ccc17a504c997ce458d7f2f9e43b15a10c8eaeb033
  original:
    hackage: acme-missiles-0.3@sha256:2ba66a092a32593880a87fb00f3213762d7bca65a687d45965778deb8694c5d1,613
snapshots:
- completed:
    size: 523443
    url: https://raw.githubusercontent.com/commercialhaskell/stackage-snapshots/master/lts/9/21.yaml
    sha256: 32fbe6f8b5a3e9c1ef4b1ac0a1b57d0de24a4f8f6c6c0d2e9f59b8e3b9c7c1aa
  original: lts-9.21
