dependencies:
- name: redis
  repository: '@internal'
  version: 17.3.14
- name: metrics-sidecar
  repository: http://charts.acme.example.internal/stable
  version: 2.0.1
- name: auth-proxy
  repository: oci://registry.acme.example.internal/charts
  version: 0.4.7
digest: sha256:4f2b7d1e9c3a5b8d0e6f1a2c4b7d9e0f3a5c8b1d4e7f0a2c5b8d1e4f7a0c3b6d
generated: "2026-06-30T09:12:44.118734-07:00"
