{
  "name": "app",
  "lockfileVersion": 3,
  "packages": {
    "": { "name": "app" },
    "node_modules/agpl-widget": {
      "version": "2.1.0",
      "resolved": "https://registry.npmjs.org/agpl-widget/-/agpl-widget-2.1.0.tgz",
      "integrity": "sha512-x",
      "license": "AGPL-3.0-only"
    }
  }
}
