version = 1
requires-python = ">=3.10"

[manifest]
members = [
    "api",
    "core",
    "workspace-root",
]

[[package]]
name = "api"
version = "0.1.0"
source = { editable = "packages/api" }
dependencies = [
    { name = "core" },
    { name = "idna" },
]

[package.metadata]
requires-dist = [
    { name = "core", editable = "packages/core" },
    { name = "idna", specifier = "==3.10" },
]

[[package]]
name = "attrs"
version = "24.2.0"
source = { registry = "https://pypi.org/simple" }
sdist = { url = "https://files.pythonhosted.org/packages/fc/0f/aafca9af9315aee06a89ffde799a10a582fe8de76c563ee80bbcdc08b3fb/attrs-24.2.0.tar.gz", hash = "sha256:5cfb1b9148b5b086569baec03f20d7b6bf3bcacc9a42bebf87ffaaca362f6346", size = 792678 }
wheels = [
    { url = "https://files.pythonhosted.org/packages/6a/21/5b6702a7f963e95456c0de2d495f67bf5fd62840ac655dc451586d23d39a/attrs-24.2.0-py3-none-any.whl", hash = "sha256:81921eb96de3191c8258c199618104dd27ac608d9366f5e35d011eae1867ede2", size = 63001 },
]

[[package]]
name = "core"
version = "0.1.0"
source = { editable = "packages/core" }
dependencies = [
    { name = "attrs" },
]

[package.metadata]
requires-dist = [{ name = "attrs", specifier = "==24.2.0" }]

[[package]]
name = "idna"
version = "3.10"
source = { registry = "https://pypi.org/simple" }
sdist = { url = "https://files.pythonhosted.org/packages/f1/70/7703c29685631f5a7590aa73f1f1d3fa9a380e654b86af429e0934a32f7d/idna-3.10.tar.gz", hash = "sha256:12f65c9b470abda6dc35cf8e63cc574b1c52b11df2c86030af0ac09b01b13ea9", size = 190490 }
wheels = [
    { url = "https://files.pythonhosted.org/packages/76/c6/c88e154df9c4e1a2a66ccf0005a88dfb2650c1dffb6f5ce603dfbd452ce3/idna-3.10-py3-none-any.whl", hash = "sha256:946d195a0d259cbba61165e88e65941f16e9b36ea6ddb97f00452bae8b1287d3", size = 70442 },
]

[[package]]
name = "workspace-root"
version = "0.1.0"
source = { virtual = "." }
dependencies = [
    { name = "api" },
]

[package.metadata]
requires-dist = [{ name = "api", editable = "packages/api" }]
