%{
  "acme_billing": {:hex, :acme_billing, "3.2.0", "1111111111111111111111111111111111111111111111111111111111111111", [:mix], [{:telemetry, "~> 1.0", [hex: :telemetry, repo: "hexpm", optional: false]}], "hexpm:acme", "2222222222222222222222222222222222222222222222222222222222222222"},
  "nerves_runtime": {:hex, :nerves_runtime, "0.13.7", "3333333333333333333333333333333333333333333333333333333333333333", [:mix], [], "hexpm", "4444444444444444444444444444444444444444444444444444444444444444"},
  "recon": {:hex, :recon, "2.5.6", "5555555555555555555555555555555555555555555555555555555555555555", [:mix, :rebar3], [], "hexpm", "6666666666666666666666666666666666666666666666666666666666666666"},
  "telemetry": {:hex, :telemetry, "1.3.0", "7777777777777777777777777777777777777777777777777777777777777777", [:rebar3], [], "hexpm", "8888888888888888888888888888888888888888888888888888888888888888"},
}
