{
  "name": "app",
  "lockfileVersion": 3,
  "packages": {
    "": { "name": "app" },
    "node_modules/gpl-widget": {
      "version": "4.2.0",
      "resolved": "https://registry.npmjs.org/gpl-widget/-/gpl-widget-4.2.0.tgz",
      "integrity": "sha512-x",
      "license": "GPL-3.0-only"
    }
  }
}
