{
  "pins" : [
    {
      "identity" : "swift-argument-parser",
      "kind" : "remoteSourceControl",
      "location" : "https://github.com/apple/swift-argument-parser.git",
      "state" : {
        "revision" : "6a52f3251125d74daf04fcbd5e6f08a75d074382",
        "version" : "1.8.2"
      }
    },
    {
      "identity" : "swift-atomics",
      "kind" : "remoteSourceControl",
      "location" : "https://github.com/apple/swift-atomics.git",
      "state" : {
        "revision" : "cd142fd2f64be2100422d658e7411e39489da985"
      }
    },
    {
      "identity" : "swift-collections",
      "kind" : "remoteSourceControl",
      "location" : "https://github.com/apple/swift-collections.git",
      "state" : {
        "revision" : "c11818f3cae0780656baa430b49e7f163f08dffd",
        "version" : "1.1.6"
      }
    },
    {
      "identity" : "swift-log",
      "kind" : "remoteSourceControl",
      "location" : "https://github.com/apple/swift-log.git",
      "state" : {
        "revision" : "9cb486020ebf03bfa5b5df985387a14a98744537",
        "version" : "1.6.1"
      }
    },
    {
      "identity" : "swift-numerics",
      "kind" : "remoteSourceControl",
      "location" : "https://github.com/apple/swift-numerics.git",
      "state" : {
        "revision" : "0c0290ff6b24942dadb83a929ffaaa1481df04a2",
        "version" : "1.1.1"
      }
    },
    {
      "identity" : "swift-system",
      "kind" : "remoteSourceControl",
      "location" : "https://github.com/apple/swift-system.git",
      "state" : {
        "branch" : "main",
        "revision" : "486d48c80fce32823218000cf8563d9b4bbbf4a9"
      }
    }
  ],
  "version" : 2
}
