{
  "lockFileVersion": 13,
  "registryFileHashes": {
    "https://bcr.bazel.build/bazel_registry.json": "8a28e4aff06ee60aed2a8c281907fb8bcbf3b753c91fb5a5c57da3215d5b3497",
    "https://bcr.bazel.build/modules/googletest/1.11.0/MODULE.bazel": "3a83f0350b6ef3b56e05b6d42c0a95f9e5a1b6d0a4b3c2d1e0f9a8b7c6d5e4f3",
    "https://bcr.bazel.build/modules/googletest/1.15.2/MODULE.bazel": "6de1edc1d26cafb0ea1a6ab3f4d4192d91a312fd2d360b63adaa213cd00b2108",
    "https://bcr.bazel.build/modules/googletest/1.15.2/source.json": "dbdda654dcb3a0d7a8bc5d0ac5fc7e150b58c2a986025ae5bc634bb2cb61f470",
    "https://bcr.bazel.build/modules/platforms/0.0.10/MODULE.bazel": "8cb8efaf200bdeb2150d93e162c40f388529a25852b332cec879373771e48ed5",
    "https://bcr.bazel.build/modules/platforms/0.0.11/MODULE.bazel": "0daefc49732e227caa8bfa834d65dc52e8cc18a2faf80df25e8caea151a9413f",
    "https://bcr.bazel.build/modules/platforms/0.0.11/source.json": "f7e188b79ebedebfe75e9e1d098b8845226c7992b307e28e1496f23112e8fc29"
  },
  "selectedYankedVersions": {},
  "moduleExtensions": {}
}
