version: 1
metadata:
  content_hash:
    linux-64: 1f0b7c3e1c1b7d2f1a7e9c3b2a1d0e9f8a7b6c5d4e3f2a1b0c9d8e7f6a5b4c3d
  channels:
  - url: conda-forge
    used_env_vars: []
  platforms:
  - linux-64
  sources:
  - environment.yml
package:
- name: python
  version: 3.12.7
  manager: conda
  platform: linux-64
  dependencies:
    __glibc: '>=2.17,<3.0.a0'
  url: https://conda.anaconda.org/conda-forge/linux-64/python-3.12.7-hc5c86c4_0_cpython.conda
  hash:
    md5: 0515111a9cdf69f83278f7c197db9807
    sha256: 674be31ff152d9f0e0fe16959a45e3803a730fc4f54d87df6a9ac4e6698c40d5
  category: main
  optional: false
- name: urllib3
  version: 2.6.3
  manager: pip
  platform: linux-64
  dependencies: {}
  url: https://files.pythonhosted.org/packages/56/2f/urllib3-2.6.3-py3-none-any.whl
  hash:
    sha256: bf272323e553dfb2e87d9bfd225ca7b0f467b919d7bbd355436d3fd37cb0acd4
  category: main
  optional: false
